# This file was autogenerated by Stack.
# You should not edit this file by hand.
# For more information, please see the documentation at:
#   https://docs.haskellstack.org/en/stable/lock_files

packages:
- completed:
    hackage: QuickCheck-2.13.2@sha256:636e7265bf75122e7e2f97627c47aad3b772ee3b35b134cafb6095116ce8d07a,6974
    pantry-tree:
      size: 2202
      sha256: b917f922fc59d98d47b789f50c5a569d1b80ae08d52f4fbebbaad7fc62479e0d
  original:
    hackage: QuickCheck-2.13.2@sha256:636e7265bf75122e7e2f97627c47aad3b772ee3b35b134cafb6095116ce8d07a,6974
- completed:
    hackage: ansi-terminal-game-1.0.0.0@sha256:5c5e8c9b85d687df33e3c1d5bd1dd2798d776c6d36786cca4ceea97cd20dc0f4,5669
    pantry-tree:
      size: 1971
      sha256: e6d2ff9daca2fd553015c4adb4b15783b123b520ee4ffc5dc8cb5eb14b57a0d3
  original:
    hackage: ansi-terminal-game-1.0.0.0@sha256:5c5e8c9b85d687df33e3c1d5bd1dd2798d776c6d36786cca4ceea97cd20dc0f4,5669
- completed:
    hackage: linebreak-1.0.0.3@sha256:3152802008e06f8444d364f6e1047b412e3cb692c1382b1657a425d72a0cfd5f,788
    pantry-tree:
      size: 210
      sha256: 8a2a0024a98dcf30509ec1b04c1e9f9e9d5224b18bc83b9756a363b3fe57918a
  original:
    hackage: linebreak-1.0.0.3@sha256:3152802008e06f8444d364f6e1047b412e3cb692c1382b1657a425d72a0cfd5f,788
- completed:
    hackage: splitmix-0.0.5@sha256:4a49661be63f5aea0e132e9ab51be918789bb4dceb4ab9b15b85ba9cbbef5999,5412
    pantry-tree:
      size: 1148
      sha256: b41d4f60cfabab8b02840906191013ee06fe2357371103a471c7cc55eda9e462
  original:
    hackage: splitmix-0.0.5@sha256:4a49661be63f5aea0e132e9ab51be918789bb4dceb4ab9b15b85ba9cbbef5999,5412
- completed:
    hackage: timers-tick-0.4.2.0@sha256:01a46ccd46609327f23f2cb645f28e3273b1dfbc67018616da00acae5aaeafaf,1496
    pantry-tree:
      size: 396
      sha256: da883ff625831c7e0dc8f00c883b51d7cc1778d715f3c37c20e1068bdd4e01ca
  original:
    hackage: timers-tick-0.4.2.0@sha256:01a46ccd46609327f23f2cb645f28e3273b1dfbc67018616da00acae5aaeafaf,1496
snapshots:
- completed:
    size: 563100
    url: https://raw.githubusercontent.com/commercialhaskell/stackage-snapshots/master/lts/17/0.yaml
    sha256: e93a85871577ea3423d5f3454b2b6bd37c2c2123c79faf511dfb64f5b49a9f8b
  original:
    url: https://raw.githubusercontent.com/commercialhaskell/stackage-snapshots/master/lts/17/0.yaml
